{
  "sources": {
    "ruby_install": {
      "path": "."
    },
    "alltherubies": {
      "path": "./test/cookbooks/alltherubies"
    },
    "ark": {
      "locked_version": "0.4.2"
    },
    "apt": {
      "locked_version": "2.3.4"
    },
    "yum": {
      "locked_version": "3.0.4"
    }
  }
}
